
Microsoft Visual Studio Solution File, Format Version 12.00
# Visual Studio Version 17
VisualStudioVersion = 17.0.31815.197
MinimumVisualStudioVersion = 10.0.40219.1
Project("{E53339B2-1760-4266-BCC7-CA923CBCF16C}") = "docker-compose", "docker-compose.dcproj", "{CA288563-C7D3-4083-9A4C-9028C74F1F92}"
EndProject
Project("{9A19103F-16F7-4668-BE54-9A1E7A4F7556}") = "AwsWorker", "AwsWorker\AwsWorker.csproj", "{BD57BD1F-8A0E-4B46-9518-76C79FDE902D}"
EndProject
Project("{2150E333-8FDC-42A3-9474-1A3956D46DE8}") = "tf", "tf", "{FB7CE45B-39A4-471D-A127-F04FBF614391}"
	ProjectSection(SolutionItems) = preProject
		tf\main.tf = tf\main.tf
	EndProjectSection
EndProject
Project("{9A19103F-16F7-4668-BE54-9A1E7A4F7556}") = "AwsReceiver", "AwsReceiver\AwsReceiver.csproj", "{7768F403-3B34-4934-89CC-63E9D7F7EA71}"
EndProject
Project("{9A19103F-16F7-4668-BE54-9A1E7A4F7556}") = "AwsDomain", "AwsDomain\AwsDomain.csproj", "{AF907085-5AA1-43A6-9D52-C6411E8A0272}"
EndProject
Global
	GlobalSection(SolutionConfigurationPlatforms) = preSolution
		Debug|Any CPU = Debug|Any CPU
		Release|Any CPU = Release|Any CPU
	EndGlobalSection
	GlobalSection(ProjectConfigurationPlatforms) = postSolution
		{CA288563-C7D3-4083-9A4C-9028C74F1F92}.Debug|Any CPU.ActiveCfg = Debug|Any CPU
		{CA288563-C7D3-4083-9A4C-9028C74F1F92}.Debug|Any CPU.Build.0 = Debug|Any CPU
		{CA288563-C7D3-4083-9A4C-9028C74F1F92}.Release|Any CPU.ActiveCfg = Release|Any CPU
		{CA288563-C7D3-4083-9A4C-9028C74F1F92}.Release|Any CPU.Build.0 = Release|Any CPU
		{BD57BD1F-8A0E-4B46-9518-76C79FDE902D}.Debug|Any CPU.ActiveCfg = Debug|Any CPU
		{BD57BD1F-8A0E-4B46-9518-76C79FDE902D}.Debug|Any CPU.Build.0 = Debug|Any CPU
		{BD57BD1F-8A0E-4B46-9518-76C79FDE902D}.Release|Any CPU.ActiveCfg = Release|Any CPU
		{BD57BD1F-8A0E-4B46-9518-76C79FDE902D}.Release|Any CPU.Build.0 = Release|Any CPU
		{7768F403-3B34-4934-89CC-63E9D7F7EA71}.Debug|Any CPU.ActiveCfg = Debug|Any CPU
		{7768F403-3B34-4934-89CC-63E9D7F7EA71}.Debug|Any CPU.Build.0 = Debug|Any CPU
		{7768F403-3B34-4934-89CC-63E9D7F7EA71}.Release|Any CPU.ActiveCfg = Release|Any CPU
		{7768F403-3B34-4934-89CC-63E9D7F7EA71}.Release|Any CPU.Build.0 = Release|Any CPU
		{AF907085-5AA1-43A6-9D52-C6411E8A0272}.Debug|Any CPU.ActiveCfg = Debug|Any CPU
		{AF907085-5AA1-43A6-9D52-C6411E8A0272}.Debug|Any CPU.Build.0 = Debug|Any CPU
		{AF907085-5AA1-43A6-9D52-C6411E8A0272}.Release|Any CPU.ActiveCfg = Release|Any CPU
		{AF907085-5AA1-43A6-9D52-C6411E8A0272}.Release|Any CPU.Build.0 = Release|Any CPU
	EndGlobalSection
	GlobalSection(SolutionProperties) = preSolution
		HideSolutionNode = FALSE
	EndGlobalSection
	GlobalSection(ExtensibilityGlobals) = postSolution
		SolutionGuid = {55A0B8BA-156C-4C78-A26F-BEC461DAAFAB}
	EndGlobalSection
EndGlobal
